
Microsoft Visual Studio Solution File, Format Version 12.00
# Visual Studio Version 17
VisualStudioVersion = 17.12.35527.113
MinimumVisualStudioVersion = 10.0.40219.1
Project("{FAE04EC0-301F-11D3-BF4B-00C04F79EFBC}") = "Microsoft.SolverFoundation", "Microsoft.SolverFoundation\Microsoft.SolverFoundation.csproj", "{37418882-7C00-4D88-97C0-6435ED957382}"
EndProject
Project("{FAE04EC0-301F-11D3-BF4B-00C04F79EFBC}") = "Microsoft.SolverFoundation.ReferenceTests", "Microsoft.SolverFoundation.ReferenceTests\Microsoft.SolverFoundation.ReferenceTests.csproj", "{27BF40A5-4D52-4467-9A3F-5393E2178EDB}"
EndProject
Project("{FAE04EC0-301F-11D3-BF4B-00C04F79EFBC}") = "Microsoft.SolverFoundation.Tests", "Microsoft.SolverFoundation.Tests\Microsoft.SolverFoundation.Tests.csproj", "{08379DFA-C500-4F2C-9E6C-CC092D2016D2}"
EndProject
Project("{FAE04EC0-301F-11D3-BF4B-00C04F79EFBC}") = "Microsoft.SolverFoundation.Benchmark", "Microsoft.SolverFoundation.Benchmark\Microsoft.SolverFoundation.Benchmark.csproj", "{0124672C-5F36-4E01-90A1-19BF72C1C7A9}"
EndProject
Global
	GlobalSection(SolutionConfigurationPlatforms) = preSolution
		Debug|Any CPU = Debug|Any CPU
		Release|Any CPU = Release|Any CPU
	EndGlobalSection
	GlobalSection(ProjectConfigurationPlatforms) = postSolution
		{37418882-7C00-4D88-97C0-6435ED957382}.Debug|Any CPU.ActiveCfg = Debug|Any CPU
		{37418882-7C00-4D88-97C0-6435ED957382}.Debug|Any CPU.Build.0 = Debug|Any CPU
		{37418882-7C00-4D88-97C0-6435ED957382}.Release|Any CPU.ActiveCfg = Release|Any CPU
		{37418882-7C00-4D88-97C0-6435ED957382}.Release|Any CPU.Build.0 = Release|Any CPU
		{27BF40A5-4D52-4467-9A3F-5393E2178EDB}.Debug|Any CPU.ActiveCfg = Debug|Any CPU
		{27BF40A5-4D52-4467-9A3F-5393E2178EDB}.Debug|Any CPU.Build.0 = Debug|Any CPU
		{27BF40A5-4D52-4467-9A3F-5393E2178EDB}.Release|Any CPU.ActiveCfg = Release|Any CPU
		{27BF40A5-4D52-4467-9A3F-5393E2178EDB}.Release|Any CPU.Build.0 = Release|Any CPU
		{08379DFA-C500-4F2C-9E6C-CC092D2016D2}.Debug|Any CPU.ActiveCfg = Debug|Any CPU
		{08379DFA-C500-4F2C-9E6C-CC092D2016D2}.Debug|Any CPU.Build.0 = Debug|Any CPU
		{08379DFA-C500-4F2C-9E6C-CC092D2016D2}.Release|Any CPU.ActiveCfg = Release|Any CPU
		{08379DFA-C500-4F2C-9E6C-CC092D2016D2}.Release|Any CPU.Build.0 = Release|Any CPU
		{0124672C-5F36-4E01-90A1-19BF72C1C7A9}.Debug|Any CPU.ActiveCfg = Debug|Any CPU
		{0124672C-5F36-4E01-90A1-19BF72C1C7A9}.Debug|Any CPU.Build.0 = Debug|Any CPU
		{0124672C-5F36-4E01-90A1-19BF72C1C7A9}.Release|Any CPU.ActiveCfg = Release|Any CPU
		{0124672C-5F36-4E01-90A1-19BF72C1C7A9}.Release|Any CPU.Build.0 = Release|Any CPU
	EndGlobalSection
	GlobalSection(SolutionProperties) = preSolution
		HideSolutionNode = FALSE
	EndGlobalSection
EndGlobal
