
Microsoft Visual Studio Solution File, Format Version 12.00
# Visual Studio Version 17
VisualStudioVersion = 17.12.35527.113 d17.12
MinimumVisualStudioVersion = 10.0.40219.1
Project("{FAE04EC0-301F-11D3-BF4B-00C04F79EFBC}") = "Microsoft.Solver.Foundation", "Microsoft.Solver.Foundation\Microsoft.Solver.Foundation.csproj", "{37418882-7C00-4D88-97C0-6435ED957382}"
EndProject
Global
	GlobalSection(SolutionConfigurationPlatforms) = preSolution
		Debug|Any CPU = Debug|Any CPU
		Release|Any CPU = Release|Any CPU
	EndGlobalSection
	GlobalSection(ProjectConfigurationPlatforms) = postSolution
		{37418882-7C00-4D88-97C0-6435ED957382}.Debug|Any CPU.ActiveCfg = Debug|Any CPU
		{37418882-7C00-4D88-97C0-6435ED957382}.Debug|Any CPU.Build.0 = Debug|Any CPU
		{37418882-7C00-4D88-97C0-6435ED957382}.Release|Any CPU.ActiveCfg = Release|Any CPU
		{37418882-7C00-4D88-97C0-6435ED957382}.Release|Any CPU.Build.0 = Release|Any CPU
	EndGlobalSection
	GlobalSection(SolutionProperties) = preSolution
		HideSolutionNode = FALSE
	EndGlobalSection
EndGlobal
